// !$*UTF8*$!
{
	archiveVersion = 1;
	classes = {
	};
	objectVersion = 46;
	objects = {

/* Begin PBXBuildFile section */
		1828134B1CB9828C00EA63C3 /* main.m in Sources */ = {isa = PBXBuildFile; fileRef = 1828134A1CB9828C00EA63C3 /* main.m */; };
		1828134E1CB9828C00EA63C3 /* AppDelegate.m in Sources */ = {isa = PBXBuildFile; fileRef = 1828134D1CB9828C00EA63C3 /* AppDelegate.m */; };
		182813511CB9828C00EA63C3 /* ViewController.m in Sources */ = {isa = PBXBuildFile; fileRef = 182813501CB9828C00EA63C3 /* ViewController.m */; };
		182813561CB9828C00EA63C3 /* Images.xcassets in Resources */ = {isa = PBXBuildFile; fileRef = 182813551CB9828C00EA63C3 /* Images.xcassets */; };
		182813591CB9828C00EA63C3 /* LaunchScreen.xib in Resources */ = {isa = PBXBuildFile; fileRef = 182813571CB9828C00EA63C3 /* LaunchScreen.xib */; };
		182813651CB9828C00EA63C3 /* FinalProjectTests.m in Sources */ = {isa = PBXBuildFile; fileRef = 182813641CB9828C00EA63C3 /* FinalProjectTests.m */; };
		185D7FC41CDE9A4E00593CDB /* MasterViewController.m in Sources */ = {isa = PBXBuildFile; fileRef = 185D7FC31CDE9A4E00593CDB /* MasterViewController.m */; };
		185D7FC71CDE9AA100593CDB /* DetailViewController.m in Sources */ = {isa = PBXBuildFile; fileRef = 185D7FC61CDE9AA100593CDB /* DetailViewController.m */; };
		185D7FC81CDEA29400593CDB /* Main.storyboard in Resources */ = {isa = PBXBuildFile; fileRef = 185D7FB61CDE738C00593CDB /* Main.storyboard */; };
		185D7FCB1CDFB84300593CDB /* RegistViewController.m in Sources */ = {isa = PBXBuildFile; fileRef = 185D7FCA1CDFB84300593CDB /* RegistViewController.m */; };
		185D7FDA1CDFD00000593CDB /* apriceViewController.m in Sources */ = {isa = PBXBuildFile; fileRef = 185D7FD91CDFD00000593CDB /* apriceViewController.m */; };
		185D7FDD1CDFD08500593CDB /* epriceViewController.m in Sources */ = {isa = PBXBuildFile; fileRef = 185D7FDC1CDFD08500593CDB /* epriceViewController.m */; };
/* End PBXBuildFile section */

/* Begin PBXContainerItemProxy section */
		1828135F1CB9828C00EA63C3 /* PBXContainerItemProxy */ = {
			isa = PBXContainerItemProxy;
			containerPortal = 1828133D1CB9828C00EA63C3 /* Project object */;
			proxyType = 1;
			remoteGlobalIDString = 182813441CB9828C00EA63C3;
			remoteInfo = FinalProject;
		};
/* End PBXContainerItemProxy section */

/* Begin PBXFileReference section */
		182813451CB9828C00EA63C3 /* FinalProject.app */ = {isa = PBXFileReference; explicitFileType = wrapper.application; includeInIndex = 0; path = FinalProject.app; sourceTree = BUILT_PRODUCTS_DIR; };
		182813491CB9828C00EA63C3 /* Info.plist */ = {isa = PBXFileReference; lastKnownFileType = text.plist.xml; path = Info.plist; sourceTree = "<group>"; };
		1828134A1CB9828C00EA63C3 /* main.m */ = {isa = PBXFileReference; lastKnownFileType = sourcecode.c.objc; path = main.m; sourceTree = "<group>"; };
		1828134C1CB9828C00EA63C3 /* AppDelegate.h */ = {isa = PBXFileReference; lastKnownFileType = sourcecode.c.h; path = AppDelegate.h; sourceTree = "<group>"; };
		1828134D1CB9828C00EA63C3 /* AppDelegate.m */ = {isa = PBXFileReference; lastKnownFileType = sourcecode.c.objc; path = AppDelegate.m; sourceTree = "<group>"; };
		1828134F1CB9828C00EA63C3 /* ViewController.h */ = {isa = PBXFileReference; lastKnownFileType = sourcecode.c.h; path = ViewController.h; sourceTree = "<group>"; };
		182813501CB9828C00EA63C3 /* ViewController.m */ = {isa = PBXFileReference; lastKnownFileType = sourcecode.c.objc; path = ViewController.m; sourceTree = "<group>"; };
		182813551CB9828C00EA63C3 /* Images.xcassets */ = {isa = PBXFileReference; lastKnownFileType = folder.assetcatalog; path = Images.xcassets; sourceTree = "<group>"; };
		182813581CB9828C00EA63C3 /* Base */ = {isa = PBXFileReference; lastKnownFileType = file.xib; name = Base; path = Base.lproj/LaunchScreen.xib; sourceTree = "<group>"; };
		1828135E1CB9828C00EA63C3 /* FinalProjectTests.xctest */ = {isa = PBXFileReference; explicitFileType = wrapper.cfbundle; includeInIndex = 0; path = FinalProjectTests.xctest; sourceTree = BUILT_PRODUCTS_DIR; };
		182813631CB9828C00EA63C3 /* Info.plist */ = {isa = PBXFileReference; lastKnownFileType = text.plist.xml; path = Info.plist; sourceTree = "<group>"; };
		182813641CB9828C00EA63C3 /* FinalProjectTests.m */ = {isa = PBXFileReference; lastKnownFileType = sourcecode.c.objc; path = FinalProjectTests.m; sourceTree = "<group>"; };
		185D7FB71CDE738C00593CDB /* Base */ = {isa = PBXFileReference; lastKnownFileType = file.storyboard; name = Base; path = Base.lproj/Main.storyboard; sourceTree = "<group>"; };
		185D7FC21CDE9A4E00593CDB /* MasterViewController.h */ = {isa = PBXFileReference; fileEncoding = 4; lastKnownFileType = sourcecode.c.h; path = MasterViewController.h; sourceTree = "<group>"; };
		185D7FC31CDE9A4E00593CDB /* MasterViewController.m */ = {isa = PBXFileReference; fileEncoding = 4; lastKnownFileType = sourcecode.c.objc; path = MasterViewController.m; sourceTree = "<group>"; };
		185D7FC51CDE9AA100593CDB /* DetailViewController.h */ = {isa = PBXFileReference; fileEncoding = 4; lastKnownFileType = sourcecode.c.h; path = DetailViewController.h; sourceTree = "<group>"; };
		185D7FC61CDE9AA100593CDB /* DetailViewController.m */ = {isa = PBXFileReference; fileEncoding = 4; lastKnownFileType = sourcecode.c.objc; path = DetailViewController.m; sourceTree = "<group>"; };
		185D7FC91CDFB84300593CDB /* RegistViewController.h */ = {isa = PBXFileReference; fileEncoding = 4; lastKnownFileType = sourcecode.c.h; path = RegistViewController.h; sourceTree = "<group>"; };
		185D7FCA1CDFB84300593CDB /* RegistViewController.m */ = {isa = PBXFileReference; fileEncoding = 4; lastKnownFileType = sourcecode.c.objc; path = RegistViewController.m; sourceTree = "<group>"; };
		185D7FD81CDFD00000593CDB /* apriceViewController.h */ = {isa = PBXFileReference; fileEncoding = 4; lastKnownFileType = sourcecode.c.h; path = apriceViewController.h; sourceTree = "<group>"; };
		185D7FD91CDFD00000593CDB /* apriceViewController.m */ = {isa = PBXFileReference; fileEncoding = 4; lastKnownFileType = sourcecode.c.objc; path = apriceViewController.m; sourceTree = "<group>"; };
		185D7FDB1CDFD08500593CDB /* epriceViewController.h */ = {isa = PBXFileReference; fileEncoding = 4; lastKnownFileType = sourcecode.c.h; path = epriceViewController.h; sourceTree = "<group>"; };
		185D7FDC1CDFD08500593CDB /* epriceViewController.m */ = {isa = PBXFileReference; fileEncoding = 4; lastKnownFileType = sourcecode.c.objc; path = epriceViewController.m; sourceTree = "<group>"; };
/* End PBXFileReference section */

/* Begin PBXFrameworksBuildPhase section */
		182813421CB9828C00EA63C3 /* Frameworks */ = {
			isa = PBXFrameworksBuildPhase;
			buildActionMask = 2147483647;
			files = (
			);
			runOnlyForDeploymentPostprocessing = 0;
		};
		1828135B1CB9828C00EA63C3 /* Frameworks */ = {
			isa = PBXFrameworksBuildPhase;
			buildActionMask = 2147483647;
			files = (
			);
			runOnlyForDeploymentPostprocessing = 0;
		};
/* End PBXFrameworksBuildPhase section */

/* Begin PBXGroup section */
		1828133C1CB9828C00EA63C3 = {
			isa = PBXGroup;
			children = (
				182813471CB9828C00EA63C3 /* FinalProject */,
				182813611CB9828C00EA63C3 /* FinalProjectTests */,
				182813461CB9828C00EA63C3 /* Products */,
			);
			sourceTree = "<group>";
		};
		182813461CB9828C00EA63C3 /* Products */ = {
			isa = PBXGroup;
			children = (
				182813451CB9828C00EA63C3 /* FinalProject.app */,
				1828135E1CB9828C00EA63C3 /* FinalProjectTests.xctest */,
			);
			name = Products;
			sourceTree = "<group>";
		};
		182813471CB9828C00EA63C3 /* FinalProject */ = {
			isa = PBXGroup;
			children = (
				1828134C1CB9828C00EA63C3 /* AppDelegate.h */,
				1828134D1CB9828C00EA63C3 /* AppDelegate.m */,
				1828134F1CB9828C00EA63C3 /* ViewController.h */,
				182813501CB9828C00EA63C3 /* ViewController.m */,
				185D7FC91CDFB84300593CDB /* RegistViewController.h */,
				185D7FCA1CDFB84300593CDB /* RegistViewController.m */,
				185D7FC21CDE9A4E00593CDB /* MasterViewController.h */,
				185D7FC31CDE9A4E00593CDB /* MasterViewController.m */,
				185D7FC51CDE9AA100593CDB /* DetailViewController.h */,
				185D7FC61CDE9AA100593CDB /* DetailViewController.m */,
				185D7FD81CDFD00000593CDB /* apriceViewController.h */,
				185D7FD91CDFD00000593CDB /* apriceViewController.m */,
				185D7FDB1CDFD08500593CDB /* epriceViewController.h */,
				185D7FDC1CDFD08500593CDB /* epriceViewController.m */,
				185D7FB61CDE738C00593CDB /* Main.storyboard */,
				182813551CB9828C00EA63C3 /* Images.xcassets */,
				182813571CB9828C00EA63C3 /* LaunchScreen.xib */,
				182813481CB9828C00EA63C3 /* Supporting Files */,
			);
			path = FinalProject;
			sourceTree = "<group>";
		};
		182813481CB9828C00EA63C3 /* Supporting Files */ = {
			isa = PBXGroup;
			children = (
				182813491CB9828C00EA63C3 /* Info.plist */,
				1828134A1CB9828C00EA63C3 /* main.m */,
			);
			name = "Supporting Files";
			sourceTree = "<group>";
		};
		182813611CB9828C00EA63C3 /* FinalProjectTests */ = {
			isa = PBXGroup;
			children = (
				182813641CB9828C00EA63C3 /* FinalProjectTests.m */,
				182813621CB9828C00EA63C3 /* Supporting Files */,
			);
			path = FinalProjectTests;
			sourceTree = "<group>";
		};
		182813621CB9828C00EA63C3 /* Supporting Files */ = {
			isa = PBXGroup;
			children = (
				182813631CB9828C00EA63C3 /* Info.plist */,
			);
			name = "Supporting Files";
			sourceTree = "<group>";
		};
/* End PBXGroup section */

/* Begin PBXNativeTarget section */
		182813441CB9828C00EA63C3 /* FinalProject */ = {
			isa = PBXNativeTarget;
			buildConfigurationList = 182813681CB9828C00EA63C3 /* Build configuration list for PBXNativeTarget "FinalProject" */;
			buildPhases = (
				182813411CB9828C00EA63C3 /* Sources */,
				182813421CB9828C00EA63C3 /* Frameworks */,
				182813431CB9828C00EA63C3 /* Resources */,
			);
			buildRules = (
			);
			dependencies = (
			);
			name = FinalProject;
			productName = FinalProject;
			productReference = 182813451CB9828C00EA63C3 /* FinalProject.app */;
			productType = "com.apple.product-type.application";
		};
		1828135D1CB9828C00EA63C3 /* FinalProjectTests */ = {
			isa = PBXNativeTarget;
			buildConfigurationList = 1828136B1CB9828C00EA63C3 /* Build configuration list for PBXNativeTarget "FinalProjectTests" */;
			buildPhases = (
				1828135A1CB9828C00EA63C3 /* Sources */,
				1828135B1CB9828C00EA63C3 /* Frameworks */,
				1828135C1CB9828C00EA63C3 /* Resources */,
			);
			buildRules = (
			);
			dependencies = (
				182813601CB9828C00EA63C3 /* PBXTargetDependency */,
			);
			name = FinalProjectTests;
			productName = FinalProjectTests;
			productReference = 1828135E1CB9828C00EA63C3 /* FinalProjectTests.xctest */;
			productType = "com.apple.product-type.bundle.unit-test";
		};
/* End PBXNativeTarget section */

/* Begin PBXProject section */
		1828133D1CB9828C00EA63C3 /* Project object */ = {
			isa = PBXProject;
			attributes = {
				LastUpgradeCheck = 0630;
				ORGANIZATIONNAME = zzzl;
				TargetAttributes = {
					182813441CB9828C00EA63C3 = {
						CreatedOnToolsVersion = 6.3.2;
					};
					1828135D1CB9828C00EA63C3 = {
						CreatedOnToolsVersion = 6.3.2;
						TestTargetID = 182813441CB9828C00EA63C3;
					};
				};
			};
			buildConfigurationList = 182813401CB9828C00EA63C3 /* Build configuration list for PBXProject "FinalProject" */;
			compatibilityVersion = "Xcode 3.2";
			developmentRegion = English;
			hasScannedForEncodings = 0;
			knownRegions = (
				en,
				Base,
			);
			mainGroup = 1828133C1CB9828C00EA63C3;
			productRefGroup = 182813461CB9828C00EA63C3 /* Products */;
			projectDirPath = "";
			projectRoot = "";
			targets = (
				182813441CB9828C00EA63C3 /* FinalProject */,
				1828135D1CB9828C00EA63C3 /* FinalProjectTests */,
			);
		};
/* End PBXProject section */

/* Begin PBXResourcesBuildPhase section */
		182813431CB9828C00EA63C3 /* Resources */ = {
			isa = PBXResourcesBuildPhase;
			buildActionMask = 2147483647;
			files = (
				185D7FC81CDEA29400593CDB /* Main.storyboard in Resources */,
				182813591CB9828C00EA63C3 /* LaunchScreen.xib in Resources */,
				182813561CB9828C00EA63C3 /* Images.xcassets in Resources */,
			);
			runOnlyForDeploymentPostprocessing = 0;
		};
		1828135C1CB9828C00EA63C3 /* Resources */ = {
			isa = PBXResourcesBuildPhase;
			buildActionMask = 2147483647;
			files = (
			);
			runOnlyForDeploymentPostprocessing = 0;
		};
/* End PBXResourcesBuildPhase section */

/* Begin PBXSourcesBuildPhase section */
		182813411CB9828C00EA63C3 /* Sources */ = {
			isa = PBXSourcesBuildPhase;
			buildActionMask = 2147483647;
			files = (
				185D7FDD1CDFD08500593CDB /* epriceViewController.m in Sources */,
				185D7FC71CDE9AA100593CDB /* DetailViewController.m in Sources */,
				185D7FC41CDE9A4E00593CDB /* MasterViewController.m in Sources */,
				185D7FDA1CDFD00000593CDB /* apriceViewController.m in Sources */,
				185D7FCB1CDFB84300593CDB /* RegistViewController.m in Sources */,
				182813511CB9828C00EA63C3 /* ViewController.m in Sources */,
				1828134E1CB9828C00EA63C3 /* AppDelegate.m in Sources */,
				1828134B1CB9828C00EA63C3 /* main.m in Sources */,
			);
			runOnlyForDeploymentPostprocessing = 0;
		};
		1828135A1CB9828C00EA63C3 /* Sources */ = {
			isa = PBXSourcesBuildPhase;
			buildActionMask = 2147483647;
			files = (
				182813651CB9828C00EA63C3 /* FinalProjectTests.m in Sources */,
			);
			runOnlyForDeploymentPostprocessing = 0;
		};
/* End PBXSourcesBuildPhase section */

/* Begin PBXTargetDependency section */
		182813601CB9828C00EA63C3 /* PBXTargetDependency */ = {
			isa = PBXTargetDependency;
			target = 182813441CB9828C00EA63C3 /* FinalProject */;
			targetProxy = 1828135F1CB9828C00EA63C3 /* PBXContainerItemProxy */;
		};
/* End PBXTargetDependency section */

/* Begin PBXVariantGroup section */
		182813571CB9828C00EA63C3 /* LaunchScreen.xib */ = {
			isa = PBXVariantGroup;
			children = (
				182813581CB9828C00EA63C3 /* Base */,
			);
			name = LaunchScreen.xib;
			sourceTree = "<group>";
		};
		185D7FB61CDE738C00593CDB /* Main.storyboard */ = {
			isa = PBXVariantGroup;
			children = (
				185D7FB71CDE738C00593CDB /* Base */,
			);
			name = Main.storyboard;
			sourceTree = "<group>";
		};
/* End PBXVariantGroup section */

/* Begin XCBuildConfiguration section */
		182813661CB9828C00EA63C3 /* Debug */ = {
			isa = XCBuildConfiguration;
			buildSettings = {
				ALWAYS_SEARCH_USER_PATHS = NO;
				CLANG_CXX_LANGUAGE_STANDARD = "gnu++0x";
				CLANG_CXX_LIBRARY = "libc++";
				CLANG_ENABLE_MODULES = YES;
				CLANG_ENABLE_OBJC_ARC = YES;
				CLANG_WARN_BOOL_CONVERSION = YES;
				CLANG_WARN_CONSTANT_CONVERSION = YES;
				CLANG_WARN_DIRECT_OBJC_ISA_USAGE = YES_ERROR;
				CLANG_WARN_EMPTY_BODY = YES;
				CLANG_WARN_ENUM_CONVERSION = YES;
				CLANG_WARN_INT_CONVERSION = YES;
				CLANG_WARN_OBJC_ROOT_CLASS = YES_ERROR;
				CLANG_WARN_UNREACHABLE_CODE = YES;
				CLANG_WARN__DUPLICATE_METHOD_MATCH = YES;
				"CODE_SIGN_IDENTITY[sdk=iphoneos*]" = "iPhone Developer";
				COPY_PHASE_STRIP = NO;
				DEBUG_INFORMATION_FORMAT = "dwarf-with-dsym";
				ENABLE_STRICT_OBJC_MSGSEND = YES;
				GCC_C_LANGUAGE_STANDARD = gnu99;
				GCC_DYNAMIC_NO_PIC = NO;
				GCC_NO_COMMON_BLOCKS = YES;
				GCC_OPTIMIZATION_LEVEL = 0;
				GCC_PREPROCESSOR_DEFINITIONS = (
					"DEBUG=1",
					"$(inherited)",
				);
				GCC_SYMBOLS_PRIVATE_EXTERN = NO;
				GCC_WARN_64_TO_32_BIT_CONVERSION = YES;
				GCC_WARN_ABOUT_RETURN_TYPE = YES_ERROR;
				GCC_WARN_UNDECLARED_SELECTOR = YES;
				GCC_WARN_UNINITIALIZED_AUTOS = YES_AGGRESSIVE;
				GCC_WARN_UNUSED_FUNCTION = YES;
				GCC_WARN_UNUSED_VARIABLE = YES;
				IPHONEOS_DEPLOYMENT_TARGET = 8.3;
				MTL_ENABLE_DEBUG_INFO = YES;
				ONLY_ACTIVE_ARCH = YES;
				SDKROOT = iphoneos;
			};
			name = Debug;
		};
		182813671CB9828C00EA63C3 /* Release */ = {
			isa = XCBuildConfiguration;
			buildSettings = {
				ALWAYS_SEARCH_USER_PATHS = NO;
				CLANG_CXX_LANGUAGE_STANDARD = "gnu++0x";
				CLANG_CXX_LIBRARY = "libc++";
				CLANG_ENABLE_MODULES = YES;
				CLANG_ENABLE_OBJC_ARC = YES;
				CLANG_WARN_BOOL_CONVERSION = YES;
				CLANG_WARN_CONSTANT_CONVERSION = YES;
				CLANG_WARN_DIRECT_OBJC_ISA_USAGE = YES_ERROR;
				CLANG_WARN_EMPTY_BODY = YES;
				CLANG_WARN_ENUM_CONVERSION = YES;
				CLANG_WARN_INT_CONVERSION = YES;
				CLANG_WARN_OBJC_ROOT_CLASS = YES_ERROR;
				CLANG_WARN_UNREACHABLE_CODE = YES;
				CLANG_WARN__DUPLICATE_METHOD_MATCH = YES;
				"CODE_SIGN_IDENTITY[sdk=iphoneos*]" = "iPhone Developer";
				COPY_PHASE_STRIP = NO;
				DEBUG_INFORMATION_FORMAT = "dwarf-with-dsym";
				ENABLE_NS_ASSERTIONS = NO;
				ENABLE_STRICT_OBJC_MSGSEND = YES;
				GCC_C_LANGUAGE_STANDARD = gnu99;
				GCC_NO_COMMON_BLOCKS = YES;
				GCC_WARN_64_TO_32_BIT_CONVERSION = YES;
				GCC_WARN_ABOUT_RETURN_TYPE = YES_ERROR;
				GCC_WARN_UNDECLARED_SELECTOR = YES;
				GCC_WARN_UNINITIALIZED_AUTOS = YES_AGGRESSIVE;
				GCC_WARN_UNUSED_FUNCTION = YES;
				GCC_WARN_UNUSED_VARIABLE = YES;
				IPHONEOS_DEPLOYMENT_TARGET = 8.3;
				MTL_ENABLE_DEBUG_INFO = NO;
				SDKROOT = iphoneos;
				VALIDATE_PRODUCT = YES;
			};
			name = Release;
		};
		182813691CB9828C00EA63C3 /* Debug */ = {
			isa = XCBuildConfiguration;
			buildSettings = {
				ASSETCATALOG_COMPILER_APPICON_NAME = AppIcon;
				INFOPLIST_FILE = FinalProject/Info.plist;
				LD_RUNPATH_SEARCH_PATHS = "$(inherited) @executable_path/Frameworks";
				PRODUCT_NAME = "$(TARGET_NAME)";
			};
			name = Debug;
		};
		1828136A1CB9828C00EA63C3 /* Release */ = {
			isa = XCBuildConfiguration;
			buildSettings = {
				ASSETCATALOG_COMPILER_APPICON_NAME = AppIcon;
				INFOPLIST_FILE = FinalProject/Info.plist;
				LD_RUNPATH_SEARCH_PATHS = "$(inherited) @executable_path/Frameworks";
				PRODUCT_NAME = "$(TARGET_NAME)";
			};
			name = Release;
		};
		1828136C1CB9828C00EA63C3 /* Debug */ = {
			isa = XCBuildConfiguration;
			buildSettings = {
				BUNDLE_LOADER = "$(TEST_HOST)";
				FRAMEWORK_SEARCH_PATHS = (
					"$(SDKROOT)/Developer/Library/Frameworks",
					"$(inherited)",
				);
				GCC_PREPROCESSOR_DEFINITIONS = (
					"DEBUG=1",
					"$(inherited)",
				);
				INFOPLIST_FILE = FinalProjectTests/Info.plist;
				LD_RUNPATH_SEARCH_PATHS = "$(inherited) @executable_path/Frameworks @loader_path/Frameworks";
				PRODUCT_NAME = "$(TARGET_NAME)";
				TEST_HOST = "$(BUILT_PRODUCTS_DIR)/FinalProject.app/FinalProject";
			};
			name = Debug;
		};
		1828136D1CB9828C00EA63C3 /* Release */ = {
			isa = XCBuildConfiguration;
			buildSettings = {
				BUNDLE_LOADER = "$(TEST_HOST)";
				FRAMEWORK_SEARCH_PATHS = (
					"$(SDKROOT)/Developer/Library/Frameworks",
					"$(inherited)",
				);
				INFOPLIST_FILE = FinalProjectTests/Info.plist;
				LD_RUNPATH_SEARCH_PATHS = "$(inherited) @executable_path/Frameworks @loader_path/Frameworks";
				PRODUCT_NAME = "$(TARGET_NAME)";
				TEST_HOST = "$(BUILT_PRODUCTS_DIR)/FinalProject.app/FinalProject";
			};
			name = Release;
		};
/* End XCBuildConfiguration section */

/* Begin XCConfigurationList section */
		182813401CB9828C00EA63C3 /* Build configuration list for PBXProject "FinalProject" */ = {
			isa = XCConfigurationList;
			buildConfigurations = (
				182813661CB9828C00EA63C3 /* Debug */,
				182813671CB9828C00EA63C3 /* Release */,
			);
			defaultConfigurationIsVisible = 0;
			defaultConfigurationName = Release;
		};
		182813681CB9828C00EA63C3 /* Build configuration list for PBXNativeTarget "FinalProject" */ = {
			isa = XCConfigurationList;
			buildConfigurations = (
				182813691CB9828C00EA63C3 /* Debug */,
				1828136A1CB9828C00EA63C3 /* Release */,
			);
			defaultConfigurationIsVisible = 0;
			defaultConfigurationName = Release;
		};
		1828136B1CB9828C00EA63C3 /* Build configuration list for PBXNativeTarget "FinalProjectTests" */ = {
			isa = XCConfigurationList;
			buildConfigurations = (
				1828136C1CB9828C00EA63C3 /* Debug */,
				1828136D1CB9828C00EA63C3 /* Release */,
			);
			defaultConfigurationIsVisible = 0;
			defaultConfigurationName = Release;
		};
/* End XCConfigurationList section */
	};
	rootObject = 1828133D1CB9828C00EA63C3 /* Project object */;
}
